
Microsoft Visual Studio Solution File, Format Version 12.00
# Visual Studio 2012
Project("{2150E333-8FDC-42A3-9474-1A3956D46DE8}") = ".nuget", ".nuget", "{6BA18F91-F38D-484D-96C9-D0C43E3646A4}"
	ProjectSection(SolutionItems) = preProject
		.nuget\NuGet.Config = .nuget\NuGet.Config
		.nuget\NuGet.exe = .nuget\NuGet.exe
		.nuget\NuGet.targets = .nuget\NuGet.targets
	EndProjectSection
EndProject
Project("{2150E333-8FDC-42A3-9474-1A3956D46DE8}") = "Applications", "Applications", "{CAB7E45A-C11B-4B4B-B30D-66A2D5AD8CF2}"
EndProject
Project("{2150E333-8FDC-42A3-9474-1A3956D46DE8}") = "BusinessComponents", "BusinessComponents", "{321E6B5B-5164-40EC-BE0E-3B98DEE462C8}"
EndProject
Project("{2150E333-8FDC-42A3-9474-1A3956D46DE8}") = "PresentationComponents", "PresentationComponents", "{F5ED8B7E-7380-42C6-963A-620CE066EA1E}"
EndProject
Project("{FAE04EC0-301F-11D3-BF4B-00C04F79EFBC}") = "VirtualScene.BusinessComponents.Core", "VirtualScene.BusinessComponents.Core\VirtualScene.BusinessComponents.Core.csproj", "{5BEF2E8C-0895-4A9B-A530-F46CB3793CBE}"
EndProject
Project("{FAE04EC0-301F-11D3-BF4B-00C04F79EFBC}") = "VirtualScene.PresentationComponents.WPF", "VirtualScene.PresentationComponents.WPF\VirtualScene.PresentationComponents.WPF.csproj", "{92C10EDB-A772-4BE8-8900-5B6744BD659D}"
EndProject
Project("{FAE04EC0-301F-11D3-BF4B-00C04F79EFBC}") = "VirtualScene.Application.WPF", "VirtualScene.Application.WPF\VirtualScene.Application.WPF.csproj", "{EE483EE6-B8B4-49E8-BD40-4328FEB8D727}"
EndProject
Project("{2150E333-8FDC-42A3-9474-1A3956D46DE8}") = "Tests", "Tests", "{D518EB94-C643-4596-BF3A-8CBA3D9000EF}"
EndProject
Project("{FAE04EC0-301F-11D3-BF4B-00C04F79EFBC}") = "VirtualScene.BusinessComponents.TestSuite", "VirtualScene.BusinessComponents.TestSuite\VirtualScene.BusinessComponents.TestSuite.csproj", "{1C426E01-883F-4448-8195-D0B5F77E4C82}"
EndProject
Project("{2150E333-8FDC-42A3-9474-1A3956D46DE8}") = "SharpGL", "SharpGL", "{7878FF1F-A038-4783-9947-3E21DC456572}"
EndProject
Project("{FAE04EC0-301F-11D3-BF4B-00C04F79EFBC}") = "SharpGL.WPF", "..\SharpGL\sharpgl-master\source\SharpGL\Core\SharpGL.WPF\SharpGL.WPF.csproj", "{53E67055-13D2-4467-BB57-79589AFAC2CD}"
EndProject
Project("{FAE04EC0-301F-11D3-BF4B-00C04F79EFBC}") = "SharpGL", "..\SharpGL\sharpgl-master\source\SharpGL\Core\SharpGL\SharpGL.csproj", "{5EF45533-E2C7-46F2-B4A3-B8F36CD406E0}"
EndProject
Project("{FAE04EC0-301F-11D3-BF4B-00C04F79EFBC}") = "SharpGL.SceneGraph", "..\SharpGL\sharpgl-master\source\SharpGL\Core\SharpGL.SceneGraph\SharpGL.SceneGraph.csproj", "{47BCAA39-EDAD-4404-B6BD-4742B0ABB523}"
EndProject
Project("{FAE04EC0-301F-11D3-BF4B-00C04F79EFBC}") = "SharpGL.Serialization", "..\SharpGL\sharpgl-master\source\SharpGL\Core\SharpGL.Serialization\SharpGL.Serialization.csproj", "{FDFA2632-A960-4778-A517-CA9E337C037C}"
EndProject
Project("{FAE04EC0-301F-11D3-BF4B-00C04F79EFBC}") = "VirtualScene.EntityPresentationComponents.WPF", "VirtualScene.EntityPresentationComponents.WPF\VirtualScene.EntityPresentationComponents.WPF.csproj", "{C9DBFFAB-1B05-4BB5-85B7-A5E0739E2C8C}"
EndProject
Project("{FAE04EC0-301F-11D3-BF4B-00C04F79EFBC}") = "VirtualScene.ApplicationPresentationComponents.WPF", "VirtualScene.ApplicationPresentationComponents.WPF\VirtualScene.ApplicationPresentationComponents.WPF.csproj", "{3B87088C-1FE4-4E55-8964-D0738D05A3B8}"
EndProject
Project("{FAE04EC0-301F-11D3-BF4B-00C04F79EFBC}") = "VirtualScene.EntityBusinessComponents", "VirtualScene.EntityBusinessComponents\VirtualScene.EntityBusinessComponents.csproj", "{B56FD199-DE98-43A2-8926-AC0C0DE7C4AA}"
EndProject
Project("{2150E333-8FDC-42A3-9474-1A3956D46DE8}") = "DataComponents", "DataComponents", "{9263C3C7-480C-4D93-A6E4-083B2715264D}"
EndProject
Project("{FAE04EC0-301F-11D3-BF4B-00C04F79EFBC}") = "VirtualScene.EntityDataComponents", "VirtualScene.EntityDataComponents\VirtualScene.EntityDataComponents.csproj", "{9A526519-2BD9-42E1-BAD8-FDA5A3A2BE4C}"
EndProject
Project("{FAE04EC0-301F-11D3-BF4B-00C04F79EFBC}") = "VirtualScene.DataComponents.Common", "VirtualScene.DataComponents.Common\VirtualScene.DataComponents.Common.csproj", "{C55E5ED1-54D2-4A29-8908-2C3CC9F665CD}"
EndProject
Project("{FAE04EC0-301F-11D3-BF4B-00C04F79EFBC}") = "VirtualScene.DataComponents.TestSuite", "VirtualScene.DataComponents.TestSuite\VirtualScene.DataComponents.TestSuite.csproj", "{9FA80689-E421-468A-8BB6-BF06FD421ADF}"
EndProject
Project("{FAE04EC0-301F-11D3-BF4B-00C04F79EFBC}") = "VirtualScene.UnitTesting.Common", "VirtualScene.UnitTesting.Common\VirtualScene.UnitTesting.Common.csproj", "{6D2F88A3-2115-44BE-B563-9460A0AF55B1}"
EndProject
Project("{2150E333-8FDC-42A3-9474-1A3956D46DE8}") = "Common", "Common", "{B83F7A2B-2A03-4A42-9F5F-5A9B503E2293}"
EndProject
Project("{FAE04EC0-301F-11D3-BF4B-00C04F79EFBC}") = "VirtualScene.Common", "VirtualScene.Common\VirtualScene.Common.csproj", "{3174F130-2690-4751-A37E-2610E3FEC93A}"
EndProject
Global
	GlobalSection(SolutionConfigurationPlatforms) = preSolution
		Debug|Any CPU = Debug|Any CPU
		Debug|Mixed Platforms = Debug|Mixed Platforms
		Debug|x86 = Debug|x86
		Release|Any CPU = Release|Any CPU
		Release|Mixed Platforms = Release|Mixed Platforms
		Release|x86 = Release|x86
	EndGlobalSection
	GlobalSection(ProjectConfigurationPlatforms) = postSolution
		{5BEF2E8C-0895-4A9B-A530-F46CB3793CBE}.Debug|Any CPU.ActiveCfg = Debug|Any CPU
		{5BEF2E8C-0895-4A9B-A530-F46CB3793CBE}.Debug|Any CPU.Build.0 = Debug|Any CPU
		{5BEF2E8C-0895-4A9B-A530-F46CB3793CBE}.Debug|Mixed Platforms.ActiveCfg = Debug|Any CPU
		{5BEF2E8C-0895-4A9B-A530-F46CB3793CBE}.Debug|Mixed Platforms.Build.0 = Debug|Any CPU
		{5BEF2E8C-0895-4A9B-A530-F46CB3793CBE}.Debug|x86.ActiveCfg = Debug|Any CPU
		{5BEF2E8C-0895-4A9B-A530-F46CB3793CBE}.Release|Any CPU.ActiveCfg = Release|Any CPU
		{5BEF2E8C-0895-4A9B-A530-F46CB3793CBE}.Release|Any CPU.Build.0 = Release|Any CPU
		{5BEF2E8C-0895-4A9B-A530-F46CB3793CBE}.Release|Mixed Platforms.ActiveCfg = Release|Any CPU
		{5BEF2E8C-0895-4A9B-A530-F46CB3793CBE}.Release|Mixed Platforms.Build.0 = Release|Any CPU
		{5BEF2E8C-0895-4A9B-A530-F46CB3793CBE}.Release|x86.ActiveCfg = Release|Any CPU
		{92C10EDB-A772-4BE8-8900-5B6744BD659D}.Debug|Any CPU.ActiveCfg = Debug|Any CPU
		{92C10EDB-A772-4BE8-8900-5B6744BD659D}.Debug|Any CPU.Build.0 = Debug|Any CPU
		{92C10EDB-A772-4BE8-8900-5B6744BD659D}.Debug|Mixed Platforms.ActiveCfg = Debug|Any CPU
		{92C10EDB-A772-4BE8-8900-5B6744BD659D}.Debug|Mixed Platforms.Build.0 = Debug|Any CPU
		{92C10EDB-A772-4BE8-8900-5B6744BD659D}.Debug|x86.ActiveCfg = Debug|Any CPU
		{92C10EDB-A772-4BE8-8900-5B6744BD659D}.Release|Any CPU.ActiveCfg = Release|Any CPU
		{92C10EDB-A772-4BE8-8900-5B6744BD659D}.Release|Any CPU.Build.0 = Release|Any CPU
		{92C10EDB-A772-4BE8-8900-5B6744BD659D}.Release|Mixed Platforms.ActiveCfg = Release|Any CPU
		{92C10EDB-A772-4BE8-8900-5B6744BD659D}.Release|Mixed Platforms.Build.0 = Release|Any CPU
		{92C10EDB-A772-4BE8-8900-5B6744BD659D}.Release|x86.ActiveCfg = Release|Any CPU
		{EE483EE6-B8B4-49E8-BD40-4328FEB8D727}.Debug|Any CPU.ActiveCfg = Debug|Any CPU
		{EE483EE6-B8B4-49E8-BD40-4328FEB8D727}.Debug|Any CPU.Build.0 = Debug|Any CPU
		{EE483EE6-B8B4-49E8-BD40-4328FEB8D727}.Debug|Mixed Platforms.ActiveCfg = Debug|Any CPU
		{EE483EE6-B8B4-49E8-BD40-4328FEB8D727}.Debug|Mixed Platforms.Build.0 = Debug|Any CPU
		{EE483EE6-B8B4-49E8-BD40-4328FEB8D727}.Debug|x86.ActiveCfg = Debug|Any CPU
		{EE483EE6-B8B4-49E8-BD40-4328FEB8D727}.Release|Any CPU.ActiveCfg = Release|Any CPU
		{EE483EE6-B8B4-49E8-BD40-4328FEB8D727}.Release|Any CPU.Build.0 = Release|Any CPU
		{EE483EE6-B8B4-49E8-BD40-4328FEB8D727}.Release|Mixed Platforms.ActiveCfg = Release|Any CPU
		{EE483EE6-B8B4-49E8-BD40-4328FEB8D727}.Release|Mixed Platforms.Build.0 = Release|Any CPU
		{EE483EE6-B8B4-49E8-BD40-4328FEB8D727}.Release|x86.ActiveCfg = Release|Any CPU
		{1C426E01-883F-4448-8195-D0B5F77E4C82}.Debug|Any CPU.ActiveCfg = Debug|Any CPU
		{1C426E01-883F-4448-8195-D0B5F77E4C82}.Debug|Any CPU.Build.0 = Debug|Any CPU
		{1C426E01-883F-4448-8195-D0B5F77E4C82}.Debug|Mixed Platforms.ActiveCfg = Debug|Any CPU
		{1C426E01-883F-4448-8195-D0B5F77E4C82}.Debug|Mixed Platforms.Build.0 = Debug|Any CPU
		{1C426E01-883F-4448-8195-D0B5F77E4C82}.Debug|x86.ActiveCfg = Debug|Any CPU
		{1C426E01-883F-4448-8195-D0B5F77E4C82}.Release|Any CPU.ActiveCfg = Release|Any CPU
		{1C426E01-883F-4448-8195-D0B5F77E4C82}.Release|Any CPU.Build.0 = Release|Any CPU
		{1C426E01-883F-4448-8195-D0B5F77E4C82}.Release|Mixed Platforms.ActiveCfg = Release|Any CPU
		{1C426E01-883F-4448-8195-D0B5F77E4C82}.Release|Mixed Platforms.Build.0 = Release|Any CPU
		{1C426E01-883F-4448-8195-D0B5F77E4C82}.Release|x86.ActiveCfg = Release|Any CPU
		{53E67055-13D2-4467-BB57-79589AFAC2CD}.Debug|Any CPU.ActiveCfg = Debug|Any CPU
		{53E67055-13D2-4467-BB57-79589AFAC2CD}.Debug|Any CPU.Build.0 = Debug|Any CPU
		{53E67055-13D2-4467-BB57-79589AFAC2CD}.Debug|Mixed Platforms.ActiveCfg = Debug|Any CPU
		{53E67055-13D2-4467-BB57-79589AFAC2CD}.Debug|Mixed Platforms.Build.0 = Debug|Any CPU
		{53E67055-13D2-4467-BB57-79589AFAC2CD}.Debug|x86.ActiveCfg = Debug|Any CPU
		{53E67055-13D2-4467-BB57-79589AFAC2CD}.Release|Any CPU.ActiveCfg = Release|Any CPU
		{53E67055-13D2-4467-BB57-79589AFAC2CD}.Release|Any CPU.Build.0 = Release|Any CPU
		{53E67055-13D2-4467-BB57-79589AFAC2CD}.Release|Mixed Platforms.ActiveCfg = Release|Any CPU
		{53E67055-13D2-4467-BB57-79589AFAC2CD}.Release|Mixed Platforms.Build.0 = Release|Any CPU
		{53E67055-13D2-4467-BB57-79589AFAC2CD}.Release|x86.ActiveCfg = Release|Any CPU
		{5EF45533-E2C7-46F2-B4A3-B8F36CD406E0}.Debug|Any CPU.ActiveCfg = Debug|Any CPU
		{5EF45533-E2C7-46F2-B4A3-B8F36CD406E0}.Debug|Any CPU.Build.0 = Debug|Any CPU
		{5EF45533-E2C7-46F2-B4A3-B8F36CD406E0}.Debug|Mixed Platforms.ActiveCfg = Debug|Any CPU
		{5EF45533-E2C7-46F2-B4A3-B8F36CD406E0}.Debug|Mixed Platforms.Build.0 = Debug|Any CPU
		{5EF45533-E2C7-46F2-B4A3-B8F36CD406E0}.Debug|x86.ActiveCfg = Debug|Any CPU
		{5EF45533-E2C7-46F2-B4A3-B8F36CD406E0}.Release|Any CPU.ActiveCfg = Release|Any CPU
		{5EF45533-E2C7-46F2-B4A3-B8F36CD406E0}.Release|Any CPU.Build.0 = Release|Any CPU
		{5EF45533-E2C7-46F2-B4A3-B8F36CD406E0}.Release|Mixed Platforms.ActiveCfg = Release|Any CPU
		{5EF45533-E2C7-46F2-B4A3-B8F36CD406E0}.Release|Mixed Platforms.Build.0 = Release|Any CPU
		{5EF45533-E2C7-46F2-B4A3-B8F36CD406E0}.Release|x86.ActiveCfg = Release|Any CPU
		{47BCAA39-EDAD-4404-B6BD-4742B0ABB523}.Debug|Any CPU.ActiveCfg = Debug|Any CPU
		{47BCAA39-EDAD-4404-B6BD-4742B0ABB523}.Debug|Any CPU.Build.0 = Debug|Any CPU
		{47BCAA39-EDAD-4404-B6BD-4742B0ABB523}.Debug|Mixed Platforms.ActiveCfg = Debug|Any CPU
		{47BCAA39-EDAD-4404-B6BD-4742B0ABB523}.Debug|Mixed Platforms.Build.0 = Debug|Any CPU
		{47BCAA39-EDAD-4404-B6BD-4742B0ABB523}.Debug|x86.ActiveCfg = Debug|Any CPU
		{47BCAA39-EDAD-4404-B6BD-4742B0ABB523}.Release|Any CPU.ActiveCfg = Release|Any CPU
		{47BCAA39-EDAD-4404-B6BD-4742B0ABB523}.Release|Any CPU.Build.0 = Release|Any CPU
		{47BCAA39-EDAD-4404-B6BD-4742B0ABB523}.Release|Mixed Platforms.ActiveCfg = Release|Any CPU
		{47BCAA39-EDAD-4404-B6BD-4742B0ABB523}.Release|Mixed Platforms.Build.0 = Release|Any CPU
		{47BCAA39-EDAD-4404-B6BD-4742B0ABB523}.Release|x86.ActiveCfg = Release|Any CPU
		{FDFA2632-A960-4778-A517-CA9E337C037C}.Debug|Any CPU.ActiveCfg = Debug|Any CPU
		{FDFA2632-A960-4778-A517-CA9E337C037C}.Debug|Any CPU.Build.0 = Debug|Any CPU
		{FDFA2632-A960-4778-A517-CA9E337C037C}.Debug|Mixed Platforms.ActiveCfg = Debug|Any CPU
		{FDFA2632-A960-4778-A517-CA9E337C037C}.Debug|Mixed Platforms.Build.0 = Debug|Any CPU
		{FDFA2632-A960-4778-A517-CA9E337C037C}.Debug|x86.ActiveCfg = Debug|Any CPU
		{FDFA2632-A960-4778-A517-CA9E337C037C}.Release|Any CPU.ActiveCfg = Release|Any CPU
		{FDFA2632-A960-4778-A517-CA9E337C037C}.Release|Any CPU.Build.0 = Release|Any CPU
		{FDFA2632-A960-4778-A517-CA9E337C037C}.Release|Mixed Platforms.ActiveCfg = Release|Any CPU
		{FDFA2632-A960-4778-A517-CA9E337C037C}.Release|Mixed Platforms.Build.0 = Release|Any CPU
		{FDFA2632-A960-4778-A517-CA9E337C037C}.Release|x86.ActiveCfg = Release|Any CPU
		{C9DBFFAB-1B05-4BB5-85B7-A5E0739E2C8C}.Debug|Any CPU.ActiveCfg = Debug|Any CPU
		{C9DBFFAB-1B05-4BB5-85B7-A5E0739E2C8C}.Debug|Any CPU.Build.0 = Debug|Any CPU
		{C9DBFFAB-1B05-4BB5-85B7-A5E0739E2C8C}.Debug|Mixed Platforms.ActiveCfg = Debug|Any CPU
		{C9DBFFAB-1B05-4BB5-85B7-A5E0739E2C8C}.Debug|Mixed Platforms.Build.0 = Debug|Any CPU
		{C9DBFFAB-1B05-4BB5-85B7-A5E0739E2C8C}.Debug|x86.ActiveCfg = Debug|Any CPU
		{C9DBFFAB-1B05-4BB5-85B7-A5E0739E2C8C}.Release|Any CPU.ActiveCfg = Release|Any CPU
		{C9DBFFAB-1B05-4BB5-85B7-A5E0739E2C8C}.Release|Any CPU.Build.0 = Release|Any CPU
		{C9DBFFAB-1B05-4BB5-85B7-A5E0739E2C8C}.Release|Mixed Platforms.ActiveCfg = Release|Any CPU
		{C9DBFFAB-1B05-4BB5-85B7-A5E0739E2C8C}.Release|Mixed Platforms.Build.0 = Release|Any CPU
		{C9DBFFAB-1B05-4BB5-85B7-A5E0739E2C8C}.Release|x86.ActiveCfg = Release|Any CPU
		{3B87088C-1FE4-4E55-8964-D0738D05A3B8}.Debug|Any CPU.ActiveCfg = Debug|Any CPU
		{3B87088C-1FE4-4E55-8964-D0738D05A3B8}.Debug|Any CPU.Build.0 = Debug|Any CPU
		{3B87088C-1FE4-4E55-8964-D0738D05A3B8}.Debug|Mixed Platforms.ActiveCfg = Debug|Any CPU
		{3B87088C-1FE4-4E55-8964-D0738D05A3B8}.Debug|Mixed Platforms.Build.0 = Debug|Any CPU
		{3B87088C-1FE4-4E55-8964-D0738D05A3B8}.Debug|x86.ActiveCfg = Debug|Any CPU
		{3B87088C-1FE4-4E55-8964-D0738D05A3B8}.Release|Any CPU.ActiveCfg = Release|Any CPU
		{3B87088C-1FE4-4E55-8964-D0738D05A3B8}.Release|Any CPU.Build.0 = Release|Any CPU
		{3B87088C-1FE4-4E55-8964-D0738D05A3B8}.Release|Mixed Platforms.ActiveCfg = Release|Any CPU
		{3B87088C-1FE4-4E55-8964-D0738D05A3B8}.Release|Mixed Platforms.Build.0 = Release|Any CPU
		{3B87088C-1FE4-4E55-8964-D0738D05A3B8}.Release|x86.ActiveCfg = Release|Any CPU
		{B56FD199-DE98-43A2-8926-AC0C0DE7C4AA}.Debug|Any CPU.ActiveCfg = Debug|Any CPU
		{B56FD199-DE98-43A2-8926-AC0C0DE7C4AA}.Debug|Any CPU.Build.0 = Debug|Any CPU
		{B56FD199-DE98-43A2-8926-AC0C0DE7C4AA}.Debug|Mixed Platforms.ActiveCfg = Debug|Any CPU
		{B56FD199-DE98-43A2-8926-AC0C0DE7C4AA}.Debug|Mixed Platforms.Build.0 = Debug|Any CPU
		{B56FD199-DE98-43A2-8926-AC0C0DE7C4AA}.Debug|x86.ActiveCfg = Debug|Any CPU
		{B56FD199-DE98-43A2-8926-AC0C0DE7C4AA}.Release|Any CPU.ActiveCfg = Release|Any CPU
		{B56FD199-DE98-43A2-8926-AC0C0DE7C4AA}.Release|Any CPU.Build.0 = Release|Any CPU
		{B56FD199-DE98-43A2-8926-AC0C0DE7C4AA}.Release|Mixed Platforms.ActiveCfg = Release|Any CPU
		{B56FD199-DE98-43A2-8926-AC0C0DE7C4AA}.Release|Mixed Platforms.Build.0 = Release|Any CPU
		{B56FD199-DE98-43A2-8926-AC0C0DE7C4AA}.Release|x86.ActiveCfg = Release|Any CPU
		{9A526519-2BD9-42E1-BAD8-FDA5A3A2BE4C}.Debug|Any CPU.ActiveCfg = Debug|Any CPU
		{9A526519-2BD9-42E1-BAD8-FDA5A3A2BE4C}.Debug|Any CPU.Build.0 = Debug|Any CPU
		{9A526519-2BD9-42E1-BAD8-FDA5A3A2BE4C}.Debug|Mixed Platforms.ActiveCfg = Debug|Any CPU
		{9A526519-2BD9-42E1-BAD8-FDA5A3A2BE4C}.Debug|Mixed Platforms.Build.0 = Debug|Any CPU
		{9A526519-2BD9-42E1-BAD8-FDA5A3A2BE4C}.Debug|x86.ActiveCfg = Debug|Any CPU
		{9A526519-2BD9-42E1-BAD8-FDA5A3A2BE4C}.Release|Any CPU.ActiveCfg = Release|Any CPU
		{9A526519-2BD9-42E1-BAD8-FDA5A3A2BE4C}.Release|Any CPU.Build.0 = Release|Any CPU
		{9A526519-2BD9-42E1-BAD8-FDA5A3A2BE4C}.Release|Mixed Platforms.ActiveCfg = Release|Any CPU
		{9A526519-2BD9-42E1-BAD8-FDA5A3A2BE4C}.Release|Mixed Platforms.Build.0 = Release|Any CPU
		{9A526519-2BD9-42E1-BAD8-FDA5A3A2BE4C}.Release|x86.ActiveCfg = Release|Any CPU
		{C55E5ED1-54D2-4A29-8908-2C3CC9F665CD}.Debug|Any CPU.ActiveCfg = Debug|Any CPU
		{C55E5ED1-54D2-4A29-8908-2C3CC9F665CD}.Debug|Any CPU.Build.0 = Debug|Any CPU
		{C55E5ED1-54D2-4A29-8908-2C3CC9F665CD}.Debug|Mixed Platforms.ActiveCfg = Debug|Any CPU
		{C55E5ED1-54D2-4A29-8908-2C3CC9F665CD}.Debug|Mixed Platforms.Build.0 = Debug|Any CPU
		{C55E5ED1-54D2-4A29-8908-2C3CC9F665CD}.Debug|x86.ActiveCfg = Debug|Any CPU
		{C55E5ED1-54D2-4A29-8908-2C3CC9F665CD}.Release|Any CPU.ActiveCfg = Release|Any CPU
		{C55E5ED1-54D2-4A29-8908-2C3CC9F665CD}.Release|Any CPU.Build.0 = Release|Any CPU
		{C55E5ED1-54D2-4A29-8908-2C3CC9F665CD}.Release|Mixed Platforms.ActiveCfg = Release|Any CPU
		{C55E5ED1-54D2-4A29-8908-2C3CC9F665CD}.Release|Mixed Platforms.Build.0 = Release|Any CPU
		{C55E5ED1-54D2-4A29-8908-2C3CC9F665CD}.Release|x86.ActiveCfg = Release|Any CPU
		{9FA80689-E421-468A-8BB6-BF06FD421ADF}.Debug|Any CPU.ActiveCfg = Debug|Any CPU
		{9FA80689-E421-468A-8BB6-BF06FD421ADF}.Debug|Any CPU.Build.0 = Debug|Any CPU
		{9FA80689-E421-468A-8BB6-BF06FD421ADF}.Debug|Mixed Platforms.ActiveCfg = Debug|Any CPU
		{9FA80689-E421-468A-8BB6-BF06FD421ADF}.Debug|Mixed Platforms.Build.0 = Debug|Any CPU
		{9FA80689-E421-468A-8BB6-BF06FD421ADF}.Debug|x86.ActiveCfg = Debug|Any CPU
		{9FA80689-E421-468A-8BB6-BF06FD421ADF}.Release|Any CPU.ActiveCfg = Release|Any CPU
		{9FA80689-E421-468A-8BB6-BF06FD421ADF}.Release|Any CPU.Build.0 = Release|Any CPU
		{9FA80689-E421-468A-8BB6-BF06FD421ADF}.Release|Mixed Platforms.ActiveCfg = Release|Any CPU
		{9FA80689-E421-468A-8BB6-BF06FD421ADF}.Release|Mixed Platforms.Build.0 = Release|Any CPU
		{9FA80689-E421-468A-8BB6-BF06FD421ADF}.Release|x86.ActiveCfg = Release|Any CPU
		{6D2F88A3-2115-44BE-B563-9460A0AF55B1}.Debug|Any CPU.ActiveCfg = Debug|Any CPU
		{6D2F88A3-2115-44BE-B563-9460A0AF55B1}.Debug|Any CPU.Build.0 = Debug|Any CPU
		{6D2F88A3-2115-44BE-B563-9460A0AF55B1}.Debug|Mixed Platforms.ActiveCfg = Debug|Any CPU
		{6D2F88A3-2115-44BE-B563-9460A0AF55B1}.Debug|Mixed Platforms.Build.0 = Debug|Any CPU
		{6D2F88A3-2115-44BE-B563-9460A0AF55B1}.Debug|x86.ActiveCfg = Debug|Any CPU
		{6D2F88A3-2115-44BE-B563-9460A0AF55B1}.Release|Any CPU.ActiveCfg = Release|Any CPU
		{6D2F88A3-2115-44BE-B563-9460A0AF55B1}.Release|Any CPU.Build.0 = Release|Any CPU
		{6D2F88A3-2115-44BE-B563-9460A0AF55B1}.Release|Mixed Platforms.ActiveCfg = Release|Any CPU
		{6D2F88A3-2115-44BE-B563-9460A0AF55B1}.Release|Mixed Platforms.Build.0 = Release|Any CPU
		{6D2F88A3-2115-44BE-B563-9460A0AF55B1}.Release|x86.ActiveCfg = Release|Any CPU
		{3174F130-2690-4751-A37E-2610E3FEC93A}.Debug|Any CPU.ActiveCfg = Debug|Any CPU
		{3174F130-2690-4751-A37E-2610E3FEC93A}.Debug|Any CPU.Build.0 = Debug|Any CPU
		{3174F130-2690-4751-A37E-2610E3FEC93A}.Debug|Mixed Platforms.ActiveCfg = Debug|Any CPU
		{3174F130-2690-4751-A37E-2610E3FEC93A}.Debug|Mixed Platforms.Build.0 = Debug|Any CPU
		{3174F130-2690-4751-A37E-2610E3FEC93A}.Debug|x86.ActiveCfg = Debug|Any CPU
		{3174F130-2690-4751-A37E-2610E3FEC93A}.Release|Any CPU.ActiveCfg = Release|Any CPU
		{3174F130-2690-4751-A37E-2610E3FEC93A}.Release|Any CPU.Build.0 = Release|Any CPU
		{3174F130-2690-4751-A37E-2610E3FEC93A}.Release|Mixed Platforms.ActiveCfg = Release|Any CPU
		{3174F130-2690-4751-A37E-2610E3FEC93A}.Release|Mixed Platforms.Build.0 = Release|Any CPU
		{3174F130-2690-4751-A37E-2610E3FEC93A}.Release|x86.ActiveCfg = Release|Any CPU
	EndGlobalSection
	GlobalSection(SolutionProperties) = preSolution
		HideSolutionNode = FALSE
	EndGlobalSection
	GlobalSection(NestedProjects) = preSolution
		{EE483EE6-B8B4-49E8-BD40-4328FEB8D727} = {CAB7E45A-C11B-4B4B-B30D-66A2D5AD8CF2}
		{5BEF2E8C-0895-4A9B-A530-F46CB3793CBE} = {321E6B5B-5164-40EC-BE0E-3B98DEE462C8}
		{B56FD199-DE98-43A2-8926-AC0C0DE7C4AA} = {321E6B5B-5164-40EC-BE0E-3B98DEE462C8}
		{92C10EDB-A772-4BE8-8900-5B6744BD659D} = {F5ED8B7E-7380-42C6-963A-620CE066EA1E}
		{C9DBFFAB-1B05-4BB5-85B7-A5E0739E2C8C} = {F5ED8B7E-7380-42C6-963A-620CE066EA1E}
		{3B87088C-1FE4-4E55-8964-D0738D05A3B8} = {F5ED8B7E-7380-42C6-963A-620CE066EA1E}
		{1C426E01-883F-4448-8195-D0B5F77E4C82} = {D518EB94-C643-4596-BF3A-8CBA3D9000EF}
		{9FA80689-E421-468A-8BB6-BF06FD421ADF} = {D518EB94-C643-4596-BF3A-8CBA3D9000EF}
		{6D2F88A3-2115-44BE-B563-9460A0AF55B1} = {D518EB94-C643-4596-BF3A-8CBA3D9000EF}
		{53E67055-13D2-4467-BB57-79589AFAC2CD} = {7878FF1F-A038-4783-9947-3E21DC456572}
		{5EF45533-E2C7-46F2-B4A3-B8F36CD406E0} = {7878FF1F-A038-4783-9947-3E21DC456572}
		{47BCAA39-EDAD-4404-B6BD-4742B0ABB523} = {7878FF1F-A038-4783-9947-3E21DC456572}
		{FDFA2632-A960-4778-A517-CA9E337C037C} = {7878FF1F-A038-4783-9947-3E21DC456572}
		{9A526519-2BD9-42E1-BAD8-FDA5A3A2BE4C} = {9263C3C7-480C-4D93-A6E4-083B2715264D}
		{C55E5ED1-54D2-4A29-8908-2C3CC9F665CD} = {9263C3C7-480C-4D93-A6E4-083B2715264D}
		{3174F130-2690-4751-A37E-2610E3FEC93A} = {B83F7A2B-2A03-4A42-9F5F-5A9B503E2293}
	EndGlobalSection
EndGlobal
